
Microsoft Visual Studio Solution File, Format Version 12.00
# Visual Studio Version 16
VisualStudioVersion = 16.0.31205.134
MinimumVisualStudioVersion = 10.0.40219.1
Project("{9A19103F-16F7-4668-BE54-9A1E7A4F7556}") = "EZTransServer.Core", "EZTransServer.Core\EZTransServer.Core.csproj", "{B089A8B5-0B78-4B97-8C2B-1243DDB4B7BA}"
EndProject
Project("{9A19103F-16F7-4668-BE54-9A1E7A4F7556}") = "EZTransServer.Terminal", "EZTransServer.Terminal\EZTransServer.Terminal.csproj", "{DFF3F10A-D364-4F6F-B124-C3A9FDA21EFE}"
	ProjectSection(ProjectDependencies) = postProject
		{B089A8B5-0B78-4B97-8C2B-1243DDB4B7BA} = {B089A8B5-0B78-4B97-8C2B-1243DDB4B7BA}
	EndProjectSection
EndProject
Global
	GlobalSection(SolutionConfigurationPlatforms) = preSolution
		Debug|Any CPU = Debug|Any CPU
		Debug|x64 = Debug|x64
		Debug|x86 = Debug|x86
		Release|Any CPU = Release|Any CPU
		Release|x64 = Release|x64
		Release|x86 = Release|x86
	EndGlobalSection
	GlobalSection(ProjectConfigurationPlatforms) = postSolution
		{B089A8B5-0B78-4B97-8C2B-1243DDB4B7BA}.Debug|Any CPU.ActiveCfg = Debug|Any CPU
		{B089A8B5-0B78-4B97-8C2B-1243DDB4B7BA}.Debug|Any CPU.Build.0 = Debug|Any CPU
		{B089A8B5-0B78-4B97-8C2B-1243DDB4B7BA}.Debug|x64.ActiveCfg = Debug|x64
		{B089A8B5-0B78-4B97-8C2B-1243DDB4B7BA}.Debug|x64.Build.0 = Debug|x64
		{B089A8B5-0B78-4B97-8C2B-1243DDB4B7BA}.Debug|x86.ActiveCfg = Debug|x86
		{B089A8B5-0B78-4B97-8C2B-1243DDB4B7BA}.Debug|x86.Build.0 = Debug|x86
		{B089A8B5-0B78-4B97-8C2B-1243DDB4B7BA}.Release|Any CPU.ActiveCfg = Release|Any CPU
		{B089A8B5-0B78-4B97-8C2B-1243DDB4B7BA}.Release|Any CPU.Build.0 = Release|Any CPU
		{B089A8B5-0B78-4B97-8C2B-1243DDB4B7BA}.Release|x64.ActiveCfg = Release|x64
		{B089A8B5-0B78-4B97-8C2B-1243DDB4B7BA}.Release|x64.Build.0 = Release|x64
		{B089A8B5-0B78-4B97-8C2B-1243DDB4B7BA}.Release|x86.ActiveCfg = Release|x86
		{B089A8B5-0B78-4B97-8C2B-1243DDB4B7BA}.Release|x86.Build.0 = Release|x86
		{DFF3F10A-D364-4F6F-B124-C3A9FDA21EFE}.Debug|Any CPU.ActiveCfg = Debug|Any CPU
		{DFF3F10A-D364-4F6F-B124-C3A9FDA21EFE}.Debug|Any CPU.Build.0 = Debug|Any CPU
		{DFF3F10A-D364-4F6F-B124-C3A9FDA21EFE}.Debug|x64.ActiveCfg = Debug|x64
		{DFF3F10A-D364-4F6F-B124-C3A9FDA21EFE}.Debug|x64.Build.0 = Debug|x64
		{DFF3F10A-D364-4F6F-B124-C3A9FDA21EFE}.Debug|x86.ActiveCfg = Debug|x86
		{DFF3F10A-D364-4F6F-B124-C3A9FDA21EFE}.Debug|x86.Build.0 = Debug|x86
		{DFF3F10A-D364-4F6F-B124-C3A9FDA21EFE}.Release|Any CPU.ActiveCfg = Release|Any CPU
		{DFF3F10A-D364-4F6F-B124-C3A9FDA21EFE}.Release|Any CPU.Build.0 = Release|Any CPU
		{DFF3F10A-D364-4F6F-B124-C3A9FDA21EFE}.Release|x64.ActiveCfg = Release|x64
		{DFF3F10A-D364-4F6F-B124-C3A9FDA21EFE}.Release|x64.Build.0 = Release|x64
		{DFF3F10A-D364-4F6F-B124-C3A9FDA21EFE}.Release|x86.ActiveCfg = Release|x86
		{DFF3F10A-D364-4F6F-B124-C3A9FDA21EFE}.Release|x86.Build.0 = Release|x86
	EndGlobalSection
	GlobalSection(SolutionProperties) = preSolution
		HideSolutionNode = FALSE
	EndGlobalSection
	GlobalSection(ExtensibilityGlobals) = postSolution
		SolutionGuid = {BFFBCBCB-A694-4F34-AA0B-A5A5AEABB2EA}
	EndGlobalSection
EndGlobal
